
Microsoft Visual Studio Solution File, Format Version 12.00
# Visual Studio Version 16
VisualStudioVersion = 25.0.1703.4
MinimumVisualStudioVersion = 10.0.40219.1
Project("{FAE04EC0-301F-11D3-BF4B-00C04F79EFBC}") = "PortfolioApi", "PortfolioApi\PortfolioApi.csproj", "{03B67F42-CE12-48E3-9096-F5A0846BBF2E}"
EndProject
Global
	GlobalSection(SolutionConfigurationPlatforms) = preSolution
		Debug|Any CPU = Debug|Any CPU
		Release|Any CPU = Release|Any CPU
	EndGlobalSection
	GlobalSection(ProjectConfigurationPlatforms) = postSolution
		{03B67F42-CE12-48E3-9096-F5A0846BBF2E}.Debug|Any CPU.ActiveCfg = Debug|Any CPU
		{03B67F42-CE12-48E3-9096-F5A0846BBF2E}.Debug|Any CPU.Build.0 = Debug|Any CPU
		{03B67F42-CE12-48E3-9096-F5A0846BBF2E}.Release|Any CPU.ActiveCfg = Release|Any CPU
		{03B67F42-CE12-48E3-9096-F5A0846BBF2E}.Release|Any CPU.Build.0 = Release|Any CPU
	EndGlobalSection
	GlobalSection(SolutionProperties) = preSolution
		HideSolutionNode = FALSE
	EndGlobalSection
	GlobalSection(ExtensibilityGlobals) = postSolution
		SolutionGuid = {363D7BAE-F375-46B7-906F-8DE1E2F8163F}
	EndGlobalSection
EndGlobal
